<?xml version="1.0" encoding="utf-8"?>
<Project ToolsVersion="4.0" xmlns="http://schemas.microsoft.com/developer/msbuild/2003">
  <ItemGroup>
    <Filter Include="Resource Files">
      <UniqueIdentifier>{67DA6AB6-F800-4c08-8B7A-83BB121AAD01}</UniqueIdentifier>
      <Extensions>rc;ico;cur;bmp;dlg;rc2;rct;bin;rgs;gif;jpg;jpeg;jpe;resx;tiff;tif;png;wav;mfcribbon-ms</Extensions>
    </Filter>
    <Filter Include="Game Files">
      <UniqueIdentifier>{4FC737F1-C7A5-4376-A066-2A32D752A2FF}</UniqueIdentifier>
      <Extensions>cpp;c;cc;cxx;def;odl;idl;hpj;bat;asm;asmx</Extensions>
    </Filter>
    <Filter Include="FrameWork">
      <UniqueIdentifier>{93995380-89BD-4b04-88EB-625FBE52EBFB}</UniqueIdentifier>
      <Extensions>h;hh;hpp;hxx;hm;inl;inc;xsd</Extensions>
    </Filter>
  </ItemGroup>
  <ItemGroup>
    <Text Include="ReadMe.txt" />
  </ItemGroup>
  <ItemGroup>
    <ClInclude Include="stdafx.h">
      <Filter>FrameWork</Filter>
    </ClInclude>
    <ClInclude Include="targetver.h">
      <Filter>FrameWork</Filter>
    </ClInclude>
    <ClInclude Include="Avatar.h">
      <Filter>Game Files</Filter>
    </ClInclude>
    <ClInclude Include="Game.h">
      <Filter>Game Files</Filter>
    </ClInclude>
    <ClInclude Include="level.h">
      <Filter>Game Files</Filter>
    </ClInclude>
    <ClInclude Include="Core.h">
      <Filter>FrameWork</Filter>
    </ClInclude>
    <ClInclude Include="Matrix2x3.h">
      <Filter>FrameWork</Filter>
    </ClInclude>
    <ClInclude Include="structs.h">
      <Filter>FrameWork</Filter>
    </ClInclude>
    <ClInclude Include="Texture.h">
      <Filter>FrameWork</Filter>
    </ClInclude>
    <ClInclude Include="utils.h">
      <Filter>FrameWork</Filter>
    </ClInclude>
    <ClInclude Include="Vector2f.h">
      <Filter>FrameWork</Filter>
    </ClInclude>
    <ClInclude Include="Camera.h">
      <Filter>Game Files</Filter>
    </ClInclude>
    <ClInclude Include="SVGParser.h">
      <Filter>Game Files</Filter>
    </ClInclude>
    <ClInclude Include="Bridge.h">
      <Filter>Game Files</Filter>
    </ClInclude>
    <ClInclude Include="BridgeExplosion.h">
      <Filter>Game Files</Filter>
    </ClInclude>
    <ClInclude Include="Bullet.h">
      <Filter>Game Files</Filter>
    </ClInclude>
    <ClInclude Include="Hud.h">
      <Filter>Game Files</Filter>
    </ClInclude>
    <ClInclude Include="Enemies.h">
      <Filter>Game Files</Filter>
    </ClInclude>
    <ClInclude Include="Sniper.h">
      <Filter>Game Files</Filter>
    </ClInclude>
    <ClInclude Include="Turret.h">
      <Filter>Game Files</Filter>
    </ClInclude>
    <ClInclude Include="Tower.h">
      <Filter>Game Files</Filter>
    </ClInclude>
    <ClInclude Include="Upgrade.h">
      <Filter>Game Files</Filter>
    </ClInclude>
    <ClInclude Include="SoundEffect.h">
      <Filter>FrameWork</Filter>
    </ClInclude>
    <ClInclude Include="SoundStream.h">
      <Filter>FrameWork</Filter>
    </ClInclude>
    <ClInclude Include="DeathExplosion.h">
      <Filter>Game Files</Filter>
    </ClInclude>
    <ClInclude Include="UpgradeContainer.h">
      <Filter>Game Files</Filter>
    </ClInclude>
    <ClInclude Include="TextureManager.h">
      <Filter>Game Files</Filter>
    </ClInclude>
    <ClInclude Include="FlyingUpgradeContainer.h">
      <Filter>Game Files</Filter>
    </ClInclude>
    <ClInclude Include="SoundManager.h">
      <Filter>Game Files</Filter>
    </ClInclude>
    <ClInclude Include="EndBoss.h">
      <Filter>Game Files</Filter>
    </ClInclude>
    <ClInclude Include="EndBossBullet.h">
      <Filter>Game Files</Filter>
    </ClInclude>
    <ClInclude Include="Runner.h">
      <Filter>Game Files</Filter>
    </ClInclude>
    <ClInclude Include="DrawFont.h">
      <Filter>Game Files</Filter>
    </ClInclude>
  </ItemGroup>
  <ItemGroup>
    <ClCompile Include="stdafx.cpp">
      <Filter>FrameWork</Filter>
    </ClCompile>
    <ClCompile Include="Avatar.cpp">
      <Filter>Game Files</Filter>
    </ClCompile>
    <ClCompile Include="Game.cpp">
      <Filter>Game Files</Filter>
    </ClCompile>
    <ClCompile Include="level.cpp">
      <Filter>Game Files</Filter>
    </ClCompile>
    <ClCompile Include="Core.cpp">
      <Filter>FrameWork</Filter>
    </ClCompile>
    <ClCompile Include="main.cpp">
      <Filter>FrameWork</Filter>
    </ClCompile>
    <ClCompile Include="Matrix2x3.cpp">
      <Filter>FrameWork</Filter>
    </ClCompile>
    <ClCompile Include="structs.cpp">
      <Filter>FrameWork</Filter>
    </ClCompile>
    <ClCompile Include="Texture.cpp">
      <Filter>FrameWork</Filter>
    </ClCompile>
    <ClCompile Include="utils.cpp">
      <Filter>FrameWork</Filter>
    </ClCompile>
    <ClCompile Include="Vector2f.cpp">
      <Filter>FrameWork</Filter>
    </ClCompile>
    <ClCompile Include="Camera.cpp">
      <Filter>Game Files</Filter>
    </ClCompile>
    <ClCompile Include="SVGParser.cpp">
      <Filter>Game Files</Filter>
    </ClCompile>
    <ClCompile Include="Bullet.cpp">
      <Filter>Game Files</Filter>
    </ClCompile>
    <ClCompile Include="Bridge.cpp">
      <Filter>Game Files</Filter>
    </ClCompile>
    <ClCompile Include="BridgeExplosion.cpp">
      <Filter>Game Files</Filter>
    </ClCompile>
    <ClCompile Include="Hud.cpp">
      <Filter>Game Files</Filter>
    </ClCompile>
    <ClCompile Include="Enemies.cpp">
      <Filter>Game Files</Filter>
    </ClCompile>
    <ClCompile Include="Sniper.cpp">
      <Filter>Game Files</Filter>
    </ClCompile>
    <ClCompile Include="Turret.cpp">
      <Filter>Game Files</Filter>
    </ClCompile>
    <ClCompile Include="Tower.cpp">
      <Filter>Game Files</Filter>
    </ClCompile>
    <ClCompile Include="Upgrade.cpp">
      <Filter>Game Files</Filter>
    </ClCompile>
    <ClCompile Include="DeathExplosion.cpp">
      <Filter>Game Files</Filter>
    </ClCompile>
    <ClCompile Include="SoundEffect.cpp">
      <Filter>FrameWork</Filter>
    </ClCompile>
    <ClCompile Include="SoundStream.cpp">
      <Filter>FrameWork</Filter>
    </ClCompile>
    <ClCompile Include="UpgradeContainer.cpp">
      <Filter>Game Files</Filter>
    </ClCompile>
    <ClCompile Include="TextureManager.cpp">
      <Filter>Game Files</Filter>
    </ClCompile>
    <ClCompile Include="SoundManager.cpp">
      <Filter>Game Files</Filter>
    </ClCompile>
    <ClCompile Include="FlyingUpgradeContainer.cpp">
      <Filter>Game Files</Filter>
    </ClCompile>
    <ClCompile Include="EndBoss.cpp">
      <Filter>Game Files</Filter>
    </ClCompile>
    <ClCompile Include="EndBossBullet.cpp">
      <Filter>Game Files</Filter>
    </ClCompile>
    <ClCompile Include="Runner.cpp">
      <Filter>Game Files</Filter>
    </ClCompile>
    <ClCompile Include="DrawFont.cpp">
      <Filter>Game Files</Filter>
    </ClCompile>
  </ItemGroup>
  <ItemGroup>
    <None Include="ClassDiagram.cd">
      <Filter>FrameWork</Filter>
    </None>
  </ItemGroup>
</Project>